
Microsoft Visual Studio Solution File, Format Version 12.00
# Visual Studio Version 17
VisualStudioVersion = 17.5.002.0
MinimumVisualStudioVersion = 10.0.40219.1
Project("{9A19103F-16F7-4668-BE54-9A1E7A4F7556}") = "Medidas", "Medidas.csproj", "{90964056-85E8-466C-8E8E-2BB4D4085552}"
EndProject
Global
	GlobalSection(SolutionConfigurationPlatforms) = preSolution
		Debug|Any CPU = Debug|Any CPU
		Release|Any CPU = Release|Any CPU
	EndGlobalSection
	GlobalSection(ProjectConfigurationPlatforms) = postSolution
		{90964056-85E8-466C-8E8E-2BB4D4085552}.Debug|Any CPU.ActiveCfg = Debug|Any CPU
		{90964056-85E8-466C-8E8E-2BB4D4085552}.Debug|Any CPU.Build.0 = Debug|Any CPU
		{90964056-85E8-466C-8E8E-2BB4D4085552}.Release|Any CPU.ActiveCfg = Release|Any CPU
		{90964056-85E8-466C-8E8E-2BB4D4085552}.Release|Any CPU.Build.0 = Release|Any CPU
	EndGlobalSection
	GlobalSection(SolutionProperties) = preSolution
		HideSolutionNode = FALSE
	EndGlobalSection
	GlobalSection(ExtensibilityGlobals) = postSolution
		SolutionGuid = {2EB9D04B-C620-47C9-83C9-F6278602B8F9}
	EndGlobalSection
EndGlobal
